
Microsoft Visual Studio Solution File, Format Version 12.00
# Visual Studio Version 16
VisualStudioVersion = 16.0.29613.14
MinimumVisualStudioVersion = 10.0.40219.1
Project("{FAE04EC0-301F-11D3-BF4B-00C04F79EFBC}") = "FigureHub.UWP", "FigureHub\FigureHub.UWP\FigureHub.UWP.csproj", "{926F73AF-AF12-4B80-8CA3-AC1DB01CD094}"
EndProject
Project("{FAE04EC0-301F-11D3-BF4B-00C04F79EFBC}") = "FigureHub.Android", "FigureHub\FigureHub.Android\FigureHub.Android.csproj", "{D9D8E694-3EE8-4AD6-A911-533C6115BB84}"
EndProject
Project("{FAE04EC0-301F-11D3-BF4B-00C04F79EFBC}") = "FigureHub.iOS", "FigureHub\FigureHub.iOS\FigureHub.iOS.csproj", "{E05BEF47-982D-4EFF-81CE-B7FA9CA43CDD}"
EndProject
Project("{FAE04EC0-301F-11D3-BF4B-00C04F79EFBC}") = "FigureHub", "FigureHub\FigureHub\FigureHub.csproj", "{3977F212-912E-430A-9680-D49D0B9E6FB2}"
EndProject
Global
	GlobalSection(SolutionConfigurationPlatforms) = preSolution
		Debug|Any CPU = Debug|Any CPU
		Debug|ARM = Debug|ARM
		Debug|iPhone = Debug|iPhone
		Debug|iPhoneSimulator = Debug|iPhoneSimulator
		Debug|x64 = Debug|x64
		Debug|x86 = Debug|x86
		Release|Any CPU = Release|Any CPU
		Release|ARM = Release|ARM
		Release|iPhone = Release|iPhone
		Release|iPhoneSimulator = Release|iPhoneSimulator
		Release|x64 = Release|x64
		Release|x86 = Release|x86
	EndGlobalSection
	GlobalSection(ProjectConfigurationPlatforms) = postSolution
		{926F73AF-AF12-4B80-8CA3-AC1DB01CD094}.Debug|Any CPU.ActiveCfg = Debug|x86
		{926F73AF-AF12-4B80-8CA3-AC1DB01CD094}.Debug|Any CPU.Build.0 = Debug|x86
		{926F73AF-AF12-4B80-8CA3-AC1DB01CD094}.Debug|Any CPU.Deploy.0 = Debug|x86
		{926F73AF-AF12-4B80-8CA3-AC1DB01CD094}.Debug|ARM.ActiveCfg = Debug|ARM
		{926F73AF-AF12-4B80-8CA3-AC1DB01CD094}.Debug|ARM.Build.0 = Debug|ARM
		{926F73AF-AF12-4B80-8CA3-AC1DB01CD094}.Debug|ARM.Deploy.0 = Debug|ARM
		{926F73AF-AF12-4B80-8CA3-AC1DB01CD094}.Debug|iPhone.ActiveCfg = Debug|x86
		{926F73AF-AF12-4B80-8CA3-AC1DB01CD094}.Debug|iPhone.Build.0 = Debug|x86
		{926F73AF-AF12-4B80-8CA3-AC1DB01CD094}.Debug|iPhone.Deploy.0 = Debug|x86
		{926F73AF-AF12-4B80-8CA3-AC1DB01CD094}.Debug|iPhoneSimulator.ActiveCfg = Debug|x86
		{926F73AF-AF12-4B80-8CA3-AC1DB01CD094}.Debug|iPhoneSimulator.Build.0 = Debug|x86
		{926F73AF-AF12-4B80-8CA3-AC1DB01CD094}.Debug|iPhoneSimulator.Deploy.0 = Debug|x86
		{926F73AF-AF12-4B80-8CA3-AC1DB01CD094}.Debug|x64.ActiveCfg = Debug|x64
		{926F73AF-AF12-4B80-8CA3-AC1DB01CD094}.Debug|x64.Build.0 = Debug|x64
		{926F73AF-AF12-4B80-8CA3-AC1DB01CD094}.Debug|x64.Deploy.0 = Debug|x64
		{926F73AF-AF12-4B80-8CA3-AC1DB01CD094}.Debug|x86.ActiveCfg = Debug|x86
		{926F73AF-AF12-4B80-8CA3-AC1DB01CD094}.Debug|x86.Build.0 = Debug|x86
		{926F73AF-AF12-4B80-8CA3-AC1DB01CD094}.Debug|x86.Deploy.0 = Debug|x86
		{926F73AF-AF12-4B80-8CA3-AC1DB01CD094}.Release|Any CPU.ActiveCfg = Release|x86
		{926F73AF-AF12-4B80-8CA3-AC1DB01CD094}.Release|Any CPU.Build.0 = Release|x86
		{926F73AF-AF12-4B80-8CA3-AC1DB01CD094}.Release|Any CPU.Deploy.0 = Release|x86
		{926F73AF-AF12-4B80-8CA3-AC1DB01CD094}.Release|ARM.ActiveCfg = Release|ARM
		{926F73AF-AF12-4B80-8CA3-AC1DB01CD094}.Release|ARM.Build.0 = Release|ARM
		{926F73AF-AF12-4B80-8CA3-AC1DB01CD094}.Release|ARM.Deploy.0 = Release|ARM
		{926F73AF-AF12-4B80-8CA3-AC1DB01CD094}.Release|iPhone.ActiveCfg = Release|x86
		{926F73AF-AF12-4B80-8CA3-AC1DB01CD094}.Release|iPhone.Build.0 = Release|x86
		{926F73AF-AF12-4B80-8CA3-AC1DB01CD094}.Release|iPhone.Deploy.0 = Release|x86
		{926F73AF-AF12-4B80-8CA3-AC1DB01CD094}.Release|iPhoneSimulator.ActiveCfg = Release|x86
		{926F73AF-AF12-4B80-8CA3-AC1DB01CD094}.Release|iPhoneSimulator.Build.0 = Release|x86
		{926F73AF-AF12-4B80-8CA3-AC1DB01CD094}.Release|iPhoneSimulator.Deploy.0 = Release|x86
		{926F73AF-AF12-4B80-8CA3-AC1DB01CD094}.Release|x64.ActiveCfg = Release|x64
		{926F73AF-AF12-4B80-8CA3-AC1DB01CD094}.Release|x64.Build.0 = Release|x64
		{926F73AF-AF12-4B80-8CA3-AC1DB01CD094}.Release|x64.Deploy.0 = Release|x64
		{926F73AF-AF12-4B80-8CA3-AC1DB01CD094}.Release|x86.ActiveCfg = Release|x86
		{926F73AF-AF12-4B80-8CA3-AC1DB01CD094}.Release|x86.Build.0 = Release|x86
		{926F73AF-AF12-4B80-8CA3-AC1DB01CD094}.Release|x86.Deploy.0 = Release|x86
		{D9D8E694-3EE8-4AD6-A911-533C6115BB84}.Debug|Any CPU.ActiveCfg = Debug|Any CPU
		{D9D8E694-3EE8-4AD6-A911-533C6115BB84}.Debug|Any CPU.Build.0 = Debug|Any CPU
		{D9D8E694-3EE8-4AD6-A911-533C6115BB84}.Debug|Any CPU.Deploy.0 = Debug|Any CPU
		{D9D8E694-3EE8-4AD6-A911-533C6115BB84}.Debug|ARM.ActiveCfg = Debug|Any CPU
		{D9D8E694-3EE8-4AD6-A911-533C6115BB84}.Debug|ARM.Build.0 = Debug|Any CPU
		{D9D8E694-3EE8-4AD6-A911-533C6115BB84}.Debug|ARM.Deploy.0 = Debug|Any CPU
		{D9D8E694-3EE8-4AD6-A911-533C6115BB84}.Debug|iPhone.ActiveCfg = Debug|Any CPU
		{D9D8E694-3EE8-4AD6-A911-533C6115BB84}.Debug|iPhone.Build.0 = Debug|Any CPU
		{D9D8E694-3EE8-4AD6-A911-533C6115BB84}.Debug|iPhone.Deploy.0 = Debug|Any CPU
		{D9D8E694-3EE8-4AD6-A911-533C6115BB84}.Debug|iPhoneSimulator.ActiveCfg = Debug|Any CPU
		{D9D8E694-3EE8-4AD6-A911-533C6115BB84}.Debug|iPhoneSimulator.Build.0 = Debug|Any CPU
		{D9D8E694-3EE8-4AD6-A911-533C6115BB84}.Debug|iPhoneSimulator.Deploy.0 = Debug|Any CPU
		{D9D8E694-3EE8-4AD6-A911-533C6115BB84}.Debug|x64.ActiveCfg = Debug|Any CPU
		{D9D8E694-3EE8-4AD6-A911-533C6115BB84}.Debug|x64.Build.0 = Debug|Any CPU
		{D9D8E694-3EE8-4AD6-A911-533C6115BB84}.Debug|x64.Deploy.0 = Debug|Any CPU
		{D9D8E694-3EE8-4AD6-A911-533C6115BB84}.Debug|x86.ActiveCfg = Debug|Any CPU
		{D9D8E694-3EE8-4AD6-A911-533C6115BB84}.Debug|x86.Build.0 = Debug|Any CPU
		{D9D8E694-3EE8-4AD6-A911-533C6115BB84}.Debug|x86.Deploy.0 = Debug|Any CPU
		{D9D8E694-3EE8-4AD6-A911-533C6115BB84}.Release|Any CPU.ActiveCfg = Release|Any CPU
		{D9D8E694-3EE8-4AD6-A911-533C6115BB84}.Release|Any CPU.Build.0 = Release|Any CPU
		{D9D8E694-3EE8-4AD6-A911-533C6115BB84}.Release|Any CPU.Deploy.0 = Release|Any CPU
		{D9D8E694-3EE8-4AD6-A911-533C6115BB84}.Release|ARM.ActiveCfg = Release|Any CPU
		{D9D8E694-3EE8-4AD6-A911-533C6115BB84}.Release|ARM.Build.0 = Release|Any CPU
		{D9D8E694-3EE8-4AD6-A911-533C6115BB84}.Release|ARM.Deploy.0 = Release|Any CPU
		{D9D8E694-3EE8-4AD6-A911-533C6115BB84}.Release|iPhone.ActiveCfg = Release|Any CPU
		{D9D8E694-3EE8-4AD6-A911-533C6115BB84}.Release|iPhone.Build.0 = Release|Any CPU
		{D9D8E694-3EE8-4AD6-A911-533C6115BB84}.Release|iPhone.Deploy.0 = Release|Any CPU
		{D9D8E694-3EE8-4AD6-A911-533C6115BB84}.Release|iPhoneSimulator.ActiveCfg = Release|Any CPU
		{D9D8E694-3EE8-4AD6-A911-533C6115BB84}.Release|iPhoneSimulator.Build.0 = Release|Any CPU
		{D9D8E694-3EE8-4AD6-A911-533C6115BB84}.Release|iPhoneSimulator.Deploy.0 = Release|Any CPU
		{D9D8E694-3EE8-4AD6-A911-533C6115BB84}.Release|x64.ActiveCfg = Release|Any CPU
		{D9D8E694-3EE8-4AD6-A911-533C6115BB84}.Release|x64.Build.0 = Release|Any CPU
		{D9D8E694-3EE8-4AD6-A911-533C6115BB84}.Release|x64.Deploy.0 = Release|Any CPU
		{D9D8E694-3EE8-4AD6-A911-533C6115BB84}.Release|x86.ActiveCfg = Release|Any CPU
		{D9D8E694-3EE8-4AD6-A911-533C6115BB84}.Release|x86.Build.0 = Release|Any CPU
		{D9D8E694-3EE8-4AD6-A911-533C6115BB84}.Release|x86.Deploy.0 = Release|Any CPU
		{E05BEF47-982D-4EFF-81CE-B7FA9CA43CDD}.Debug|Any CPU.ActiveCfg = Debug|iPhone
		{E05BEF47-982D-4EFF-81CE-B7FA9CA43CDD}.Debug|Any CPU.Build.0 = Debug|iPhone
		{E05BEF47-982D-4EFF-81CE-B7FA9CA43CDD}.Debug|Any CPU.Deploy.0 = Debug|iPhone
		{E05BEF47-982D-4EFF-81CE-B7FA9CA43CDD}.Debug|ARM.ActiveCfg = Debug|iPhoneSimulator
		{E05BEF47-982D-4EFF-81CE-B7FA9CA43CDD}.Debug|ARM.Build.0 = Debug|iPhoneSimulator
		{E05BEF47-982D-4EFF-81CE-B7FA9CA43CDD}.Debug|ARM.Deploy.0 = Debug|iPhoneSimulator
		{E05BEF47-982D-4EFF-81CE-B7FA9CA43CDD}.Debug|iPhone.ActiveCfg = Debug|iPhone
		{E05BEF47-982D-4EFF-81CE-B7FA9CA43CDD}.Debug|iPhone.Build.0 = Debug|iPhone
		{E05BEF47-982D-4EFF-81CE-B7FA9CA43CDD}.Debug|iPhone.Deploy.0 = Debug|iPhone
		{E05BEF47-982D-4EFF-81CE-B7FA9CA43CDD}.Debug|iPhoneSimulator.ActiveCfg = Debug|iPhoneSimulator
		{E05BEF47-982D-4EFF-81CE-B7FA9CA43CDD}.Debug|iPhoneSimulator.Build.0 = Debug|iPhoneSimulator
		{E05BEF47-982D-4EFF-81CE-B7FA9CA43CDD}.Debug|iPhoneSimulator.Deploy.0 = Debug|iPhoneSimulator
		{E05BEF47-982D-4EFF-81CE-B7FA9CA43CDD}.Debug|x64.ActiveCfg = Debug|iPhone
		{E05BEF47-982D-4EFF-81CE-B7FA9CA43CDD}.Debug|x64.Build.0 = Debug|iPhone
		{E05BEF47-982D-4EFF-81CE-B7FA9CA43CDD}.Debug|x64.Deploy.0 = Debug|iPhone
		{E05BEF47-982D-4EFF-81CE-B7FA9CA43CDD}.Debug|x86.ActiveCfg = Debug|iPhone
		{E05BEF47-982D-4EFF-81CE-B7FA9CA43CDD}.Debug|x86.Build.0 = Debug|iPhone
		{E05BEF47-982D-4EFF-81CE-B7FA9CA43CDD}.Debug|x86.Deploy.0 = Debug|iPhone
		{E05BEF47-982D-4EFF-81CE-B7FA9CA43CDD}.Release|Any CPU.ActiveCfg = Release|iPhone
		{E05BEF47-982D-4EFF-81CE-B7FA9CA43CDD}.Release|Any CPU.Build.0 = Release|iPhone
		{E05BEF47-982D-4EFF-81CE-B7FA9CA43CDD}.Release|Any CPU.Deploy.0 = Release|iPhone
		{E05BEF47-982D-4EFF-81CE-B7FA9CA43CDD}.Release|ARM.ActiveCfg = Release|iPhone
		{E05BEF47-982D-4EFF-81CE-B7FA9CA43CDD}.Release|ARM.Build.0 = Release|iPhone
		{E05BEF47-982D-4EFF-81CE-B7FA9CA43CDD}.Release|ARM.Deploy.0 = Release|iPhone
		{E05BEF47-982D-4EFF-81CE-B7FA9CA43CDD}.Release|iPhone.ActiveCfg = Release|iPhone
		{E05BEF47-982D-4EFF-81CE-B7FA9CA43CDD}.Release|iPhone.Build.0 = Release|iPhone
		{E05BEF47-982D-4EFF-81CE-B7FA9CA43CDD}.Release|iPhone.Deploy.0 = Release|iPhone
		{E05BEF47-982D-4EFF-81CE-B7FA9CA43CDD}.Release|iPhoneSimulator.ActiveCfg = Release|iPhoneSimulator
		{E05BEF47-982D-4EFF-81CE-B7FA9CA43CDD}.Release|iPhoneSimulator.Build.0 = Release|iPhoneSimulator
		{E05BEF47-982D-4EFF-81CE-B7FA9CA43CDD}.Release|iPhoneSimulator.Deploy.0 = Release|iPhoneSimulator
		{E05BEF47-982D-4EFF-81CE-B7FA9CA43CDD}.Release|x64.ActiveCfg = Release|iPhone
		{E05BEF47-982D-4EFF-81CE-B7FA9CA43CDD}.Release|x64.Build.0 = Release|iPhone
		{E05BEF47-982D-4EFF-81CE-B7FA9CA43CDD}.Release|x64.Deploy.0 = Release|iPhone
		{E05BEF47-982D-4EFF-81CE-B7FA9CA43CDD}.Release|x86.ActiveCfg = Release|iPhone
		{E05BEF47-982D-4EFF-81CE-B7FA9CA43CDD}.Release|x86.Build.0 = Release|iPhone
		{E05BEF47-982D-4EFF-81CE-B7FA9CA43CDD}.Release|x86.Deploy.0 = Release|iPhone
		{3977F212-912E-430A-9680-D49D0B9E6FB2}.Debug|Any CPU.ActiveCfg = Debug|Any CPU
		{3977F212-912E-430A-9680-D49D0B9E6FB2}.Debug|Any CPU.Build.0 = Debug|Any CPU
		{3977F212-912E-430A-9680-D49D0B9E6FB2}.Debug|Any CPU.Deploy.0 = Debug|Any CPU
		{3977F212-912E-430A-9680-D49D0B9E6FB2}.Debug|ARM.ActiveCfg = Debug|Any CPU
		{3977F212-912E-430A-9680-D49D0B9E6FB2}.Debug|ARM.Build.0 = Debug|Any CPU
		{3977F212-912E-430A-9680-D49D0B9E6FB2}.Debug|ARM.Deploy.0 = Debug|Any CPU
		{3977F212-912E-430A-9680-D49D0B9E6FB2}.Debug|iPhone.ActiveCfg = Debug|Any CPU
		{3977F212-912E-430A-9680-D49D0B9E6FB2}.Debug|iPhone.Build.0 = Debug|Any CPU
		{3977F212-912E-430A-9680-D49D0B9E6FB2}.Debug|iPhone.Deploy.0 = Debug|Any CPU
		{3977F212-912E-430A-9680-D49D0B9E6FB2}.Debug|iPhoneSimulator.ActiveCfg = Debug|Any CPU
		{3977F212-912E-430A-9680-D49D0B9E6FB2}.Debug|iPhoneSimulator.Build.0 = Debug|Any CPU
		{3977F212-912E-430A-9680-D49D0B9E6FB2}.Debug|iPhoneSimulator.Deploy.0 = Debug|Any CPU
		{3977F212-912E-430A-9680-D49D0B9E6FB2}.Debug|x64.ActiveCfg = Debug|Any CPU
		{3977F212-912E-430A-9680-D49D0B9E6FB2}.Debug|x64.Build.0 = Debug|Any CPU
		{3977F212-912E-430A-9680-D49D0B9E6FB2}.Debug|x64.Deploy.0 = Debug|Any CPU
		{3977F212-912E-430A-9680-D49D0B9E6FB2}.Debug|x86.ActiveCfg = Debug|Any CPU
		{3977F212-912E-430A-9680-D49D0B9E6FB2}.Debug|x86.Build.0 = Debug|Any CPU
		{3977F212-912E-430A-9680-D49D0B9E6FB2}.Debug|x86.Deploy.0 = Debug|Any CPU
		{3977F212-912E-430A-9680-D49D0B9E6FB2}.Release|Any CPU.ActiveCfg = Release|Any CPU
		{3977F212-912E-430A-9680-D49D0B9E6FB2}.Release|Any CPU.Build.0 = Release|Any CPU
		{3977F212-912E-430A-9680-D49D0B9E6FB2}.Release|Any CPU.Deploy.0 = Release|Any CPU
		{3977F212-912E-430A-9680-D49D0B9E6FB2}.Release|ARM.ActiveCfg = Release|Any CPU
		{3977F212-912E-430A-9680-D49D0B9E6FB2}.Release|ARM.Build.0 = Release|Any CPU
		{3977F212-912E-430A-9680-D49D0B9E6FB2}.Release|ARM.Deploy.0 = Release|Any CPU
		{3977F212-912E-430A-9680-D49D0B9E6FB2}.Release|iPhone.ActiveCfg = Release|Any CPU
		{3977F212-912E-430A-9680-D49D0B9E6FB2}.Release|iPhone.Build.0 = Release|Any CPU
		{3977F212-912E-430A-9680-D49D0B9E6FB2}.Release|iPhone.Deploy.0 = Release|Any CPU
		{3977F212-912E-430A-9680-D49D0B9E6FB2}.Release|iPhoneSimulator.ActiveCfg = Release|Any CPU
		{3977F212-912E-430A-9680-D49D0B9E6FB2}.Release|iPhoneSimulator.Build.0 = Release|Any CPU
		{3977F212-912E-430A-9680-D49D0B9E6FB2}.Release|iPhoneSimulator.Deploy.0 = Release|Any CPU
		{3977F212-912E-430A-9680-D49D0B9E6FB2}.Release|x64.ActiveCfg = Release|Any CPU
		{3977F212-912E-430A-9680-D49D0B9E6FB2}.Release|x64.Build.0 = Release|Any CPU
		{3977F212-912E-430A-9680-D49D0B9E6FB2}.Release|x64.Deploy.0 = Release|Any CPU
		{3977F212-912E-430A-9680-D49D0B9E6FB2}.Release|x86.ActiveCfg = Release|Any CPU
		{3977F212-912E-430A-9680-D49D0B9E6FB2}.Release|x86.Build.0 = Release|Any CPU
		{3977F212-912E-430A-9680-D49D0B9E6FB2}.Release|x86.Deploy.0 = Release|Any CPU
	EndGlobalSection
	GlobalSection(SolutionProperties) = preSolution
		HideSolutionNode = FALSE
	EndGlobalSection
	GlobalSection(ExtensibilityGlobals) = postSolution
		SolutionGuid = {7172C35F-DB85-4173-B880-A92BF5B37B91}
	EndGlobalSection
EndGlobal
